
Microsoft Visual Studio Solution File, Format Version 12.00
# Visual Studio Version 17
VisualStudioVersion = 17.14.36518.9
MinimumVisualStudioVersion = 10.0.40219.1
Project("{FAE04EC0-301F-11D3-BF4B-00C04F79EFBC}") = "Trips Log App", "Trips Log App\Trips Log App.csproj", "{7A3A0EBA-0958-4479-95DA-815C3AFCD44F}"
EndProject
Global
	GlobalSection(SolutionConfigurationPlatforms) = preSolution
		Debug|Any CPU = Debug|Any CPU
		Release|Any CPU = Release|Any CPU
	EndGlobalSection
	GlobalSection(ProjectConfigurationPlatforms) = postSolution
		{7A3A0EBA-0958-4479-95DA-815C3AFCD44F}.Debug|Any CPU.ActiveCfg = Debug|Any CPU
		{7A3A0EBA-0958-4479-95DA-815C3AFCD44F}.Debug|Any CPU.Build.0 = Debug|Any CPU
		{7A3A0EBA-0958-4479-95DA-815C3AFCD44F}.Release|Any CPU.ActiveCfg = Release|Any CPU
		{7A3A0EBA-0958-4479-95DA-815C3AFCD44F}.Release|Any CPU.Build.0 = Release|Any CPU
	EndGlobalSection
	GlobalSection(SolutionProperties) = preSolution
		HideSolutionNode = FALSE
	EndGlobalSection
	GlobalSection(ExtensibilityGlobals) = postSolution
		SolutionGuid = {784583D2-2260-4F3D-AD3C-35ED7BF2CDCA}
	EndGlobalSection
EndGlobal
